{
  "name": "2",
  "lockfileVersion": 2,
  "requires": true,
  "packages": {
    "": {
      "dependencies": {
        "luminance-js": "^1.0.3"
      }
    },
    "node_modules/luminance-js": {
      "version": "1.0.3",
      "resolved": "https://registry.npmjs.org/luminance-js/-/luminance-js-1.0.3.tgz",
      "integrity": "sha512-5JFXTKDxOU5qqpjZpeqVkv9SH6EsSfHlf8MCLVvcZ8H/rQdtRIGkqik410gnYnc1VhT2rPbJcN2H7KH9adp2sQ=="
    }
  },
  "dependencies": {
    "luminance-js": {
      "version": "1.0.3",
      "resolved": "https://registry.npmjs.org/luminance-js/-/luminance-js-1.0.3.tgz",
      "integrity": "sha512-5JFXTKDxOU5qqpjZpeqVkv9SH6EsSfHlf8MCLVvcZ8H/rQdtRIGkqik410gnYnc1VhT2rPbJcN2H7KH9adp2sQ=="
    }
  }
}
